
Microsoft Visual Studio Solution File, Format Version 12.00
# Visual Studio Version 17
VisualStudioVersion = 17.7.34003.232
MinimumVisualStudioVersion = 10.0.40219.1
Project("{FAE04EC0-301F-11D3-BF4B-00C04F79EFBC}") = "TicTackTok", "TicTackTok\TicTackTok.csproj", "{E862B59C-03E2-4127-B75E-60623F66C6FF}"
EndProject
Global
	GlobalSection(SolutionConfigurationPlatforms) = preSolution
		Debug|Any CPU = Debug|Any CPU
		Release|Any CPU = Release|Any CPU
	EndGlobalSection
	GlobalSection(ProjectConfigurationPlatforms) = postSolution
		{E862B59C-03E2-4127-B75E-60623F66C6FF}.Debug|Any CPU.ActiveCfg = Debug|Any CPU
		{E862B59C-03E2-4127-B75E-60623F66C6FF}.Debug|Any CPU.Build.0 = Debug|Any CPU
		{E862B59C-03E2-4127-B75E-60623F66C6FF}.Release|Any CPU.ActiveCfg = Release|Any CPU
		{E862B59C-03E2-4127-B75E-60623F66C6FF}.Release|Any CPU.Build.0 = Release|Any CPU
	EndGlobalSection
	GlobalSection(SolutionProperties) = preSolution
		HideSolutionNode = FALSE
	EndGlobalSection
	GlobalSection(ExtensibilityGlobals) = postSolution
		SolutionGuid = {43C40AA5-DCBC-4518-B6DF-79AAE3786D26}
	EndGlobalSection
EndGlobal
